PODS:
  - Flutter (1.0.0)
  - flutter_secure_storage (3.3.0):
    - Flutter

DEPENDENCIES:
  - Flutter (from `/Users/german/Projects/github/flutter/bin/cache/artifacts/engine/ios`)
  - flutter_secure_storage (from `/Users/german/Projects/nomads/flutter_secure_storage/ios`)

EXTERNAL SOURCES:
  Flutter:
    :path: "/Users/german/Projects/github/flutter/bin/cache/artifacts/engine/ios"
  flutter_secure_storage:
    :path: "/Users/german/Projects/nomads/flutter_secure_storage/ios"

SPEC CHECKSUMS:
  Flutter: 58dd7d1b27887414a370fcccb9e645c08ffd7a6a
  flutter_secure_storage: 37f33d473d4a04e27bb4e294dc62e9f48c99ca99

PODFILE CHECKSUM: 351e02e34b831289961ec3558a535cbd2c4965d2

COCOAPODS: 1.7.5
